dependencies:
- name: kong-migration
  repository: file://../kong-migration
  version: v2.0.1
- name: mep-gateway
  repository: file://../mep-gateway
  version: v2.0.1
- name: mep-gateway-db
  repository: file://../mep-gateway-db
  version: v2.0.1
- name: mep-registry
  repository: file://../mep-registry
  version: v2.0.1
- name: mongodb
  repository: file://../mongodb
  version: v2.0.1
digest: sha256:8408d22ba8f2a9354e9ed6105681bd04e44101be163d6b75bca39aaa89a01f2d
generated: "2025-02-24T12:31:22.486918864+01:00"
